PODS:
  - CurrencyFormatter (2.0.6)

DEPENDENCIES:
  - CurrencyFormatter (from `../`)

EXTERNAL SOURCES:
  CurrencyFormatter:
    :path: "../"

SPEC CHECKSUMS:
  CurrencyFormatter: 494ab3847733bdd5bc7a517e6f60809421b1d09a

PODFILE CHECKSUM: 0d6be387333f7bd7106596a7b4febda860a5007a

COCOAPODS: 1.5.3
