PODS:
  - CurrencyFormatter (1.0.0)

DEPENDENCIES:
  - CurrencyFormatter (from `../`)

EXTERNAL SOURCES:
  CurrencyFormatter:
    :path: "../"

SPEC CHECKSUMS:
  CurrencyFormatter: daaf785a364036e06bfe20b0e6fca34a11da4485

PODFILE CHECKSUM: 0d6be387333f7bd7106596a7b4febda860a5007a

COCOAPODS: 1.2.0
